// !$*UTF8*$!
{
	archiveVersion = 1;
	classes = {
	};
	objectVersion = 46;
	objects = {

/* Begin PBXBuildFile section */
		6D046A4459AEFB7455AED8DC /* Pods_DangerSampleTests.framework in Frameworks */ = {isa = PBXBuildFile; fileRef = 6074A705B229230F35B0CC75 /* Pods_DangerSampleTests.framework */; };
		73DF17831F2F3FEE005DD344 /* AppDelegate.swift in Sources */ = {isa = PBXBuildFile; fileRef = 73DF17821F2F3FEE005DD344 /* AppDelegate.swift */; };
		73DF17851F2F3FEE005DD344 /* ViewController.swift in Sources */ = {isa = PBXBuildFile; fileRef = 73DF17841F2F3FEE005DD344 /* ViewController.swift */; };
		73DF17881F2F3FEE005DD344 /* Main.storyboard in Resources */ = {isa = PBXBuildFile; fileRef = 73DF17861F2F3FEE005DD344 /* Main.storyboard */; };
		73DF178A1F2F3FEE005DD344 /* Assets.xcassets in Resources */ = {isa = PBXBuildFile; fileRef = 73DF17891F2F3FEE005DD344 /* Assets.xcassets */; };
		73DF178D1F2F3FEE005DD344 /* LaunchScreen.storyboard in Resources */ = {isa = PBXBuildFile; fileRef = 73DF178B1F2F3FEE005DD344 /* LaunchScreen.storyboard */; };
		73DF17981F2F3FEE005DD344 /* DangerSampleTests.swift in Sources */ = {isa = PBXBuildFile; fileRef = 73DF17971F2F3FEE005DD344 /* DangerSampleTests.swift */; };
		73DF17AB1F2F4FAB005DD344 /* Settings.bundle in Resources */ = {isa = PBXBuildFile; fileRef = 73DF17AA1F2F4FAB005DD344 /* Settings.bundle */; };
		B6DA9F5447505375F595D5CE /* Pods_DangerSample.framework in Frameworks */ = {isa = PBXBuildFile; fileRef = 0010860F4100FA9B106DF452 /* Pods_DangerSample.framework */; };
/* End PBXBuildFile section */

/* Begin PBXContainerItemProxy section */
		73DF17941F2F3FEE005DD344 /* PBXContainerItemProxy */ = {
			isa = PBXContainerItemProxy;
			containerPortal = 73DF17771F2F3FEE005DD344 /* Project object */;
			proxyType = 1;
			remoteGlobalIDString = 73DF177E1F2F3FEE005DD344;
			remoteInfo = DangerSample;
		};
/* End PBXContainerItemProxy section */

/* Begin PBXFileReference section */
		0010860F4100FA9B106DF452 /* Pods_DangerSample.framework */ = {isa = PBXFileReference; explicitFileType = wrapper.framework; includeInIndex = 0; path = Pods_DangerSample.framework; sourceTree = BUILT_PRODUCTS_DIR; };
		02CE391251CE05AF5EAE21AD /* Pods-DangerSampleTests.release.xcconfig */ = {isa = PBXFileReference; includeInIndex = 1; lastKnownFileType = text.xcconfig; name = "Pods-DangerSampleTests.release.xcconfig"; path = "Pods/Target Support Files/Pods-DangerSampleTests/Pods-DangerSampleTests.release.xcconfig"; sourceTree = "<group>"; };
		31259B81304D7567A5F6BA83 /* Pods-DangerSample.release.xcconfig */ = {isa = PBXFileReference; includeInIndex = 1; lastKnownFileType = text.xcconfig; name = "Pods-DangerSample.release.xcconfig"; path = "Pods/Target Support Files/Pods-DangerSample/Pods-DangerSample.release.xcconfig"; sourceTree = "<group>"; };
		6074A705B229230F35B0CC75 /* Pods_DangerSampleTests.framework */ = {isa = PBXFileReference; explicitFileType = wrapper.framework; includeInIndex = 0; path = Pods_DangerSampleTests.framework; sourceTree = BUILT_PRODUCTS_DIR; };
		67E8D31DA8DD3600EE50DDC5 /* Pods-DangerSampleTests.debug.xcconfig */ = {isa = PBXFileReference; includeInIndex = 1; lastKnownFileType = text.xcconfig; name = "Pods-DangerSampleTests.debug.xcconfig"; path = "Pods/Target Support Files/Pods-DangerSampleTests/Pods-DangerSampleTests.debug.xcconfig"; sourceTree = "<group>"; };
		73DF177F1F2F3FEE005DD344 /* DangerSample.app */ = {isa = PBXFileReference; explicitFileType = wrapper.application; includeInIndex = 0; path = DangerSample.app; sourceTree = BUILT_PRODUCTS_DIR; };
		73DF17821F2F3FEE005DD344 /* AppDelegate.swift */ = {isa = PBXFileReference; lastKnownFileType = sourcecode.swift; path = AppDelegate.swift; sourceTree = "<group>"; };
		73DF17841F2F3FEE005DD344 /* ViewController.swift */ = {isa = PBXFileReference; lastKnownFileType = sourcecode.swift; path = ViewController.swift; sourceTree = "<group>"; };
		73DF17871F2F3FEE005DD344 /* Base */ = {isa = PBXFileReference; lastKnownFileType = file.storyboard; name = Base; path = Base.lproj/Main.storyboard; sourceTree = "<group>"; };
		73DF17891F2F3FEE005DD344 /* Assets.xcassets */ = {isa = PBXFileReference; lastKnownFileType = folder.assetcatalog; path = Assets.xcassets; sourceTree = "<group>"; };
		73DF178C1F2F3FEE005DD344 /* Base */ = {isa = PBXFileReference; lastKnownFileType = file.storyboard; name = Base; path = Base.lproj/LaunchScreen.storyboard; sourceTree = "<group>"; };
		73DF178E1F2F3FEE005DD344 /* Info.plist */ = {isa = PBXFileReference; lastKnownFileType = text.plist.xml; path = Info.plist; sourceTree = "<group>"; };
		73DF17931F2F3FEE005DD344 /* DangerSampleTests.xctest */ = {isa = PBXFileReference; explicitFileType = wrapper.cfbundle; includeInIndex = 0; path = DangerSampleTests.xctest; sourceTree = BUILT_PRODUCTS_DIR; };
		73DF17971F2F3FEE005DD344 /* DangerSampleTests.swift */ = {isa = PBXFileReference; lastKnownFileType = sourcecode.swift; path = DangerSampleTests.swift; sourceTree = "<group>"; };
		73DF17991F2F3FEE005DD344 /* Info.plist */ = {isa = PBXFileReference; lastKnownFileType = text.plist.xml; path = Info.plist; sourceTree = "<group>"; };
		73DF17AA1F2F4FAB005DD344 /* Settings.bundle */ = {isa = PBXFileReference; lastKnownFileType = "wrapper.plug-in"; path = Settings.bundle; sourceTree = "<group>"; };
		84989061EA850F776EE64F44 /* Pods-DangerSample.debug.xcconfig */ = {isa = PBXFileReference; includeInIndex = 1; lastKnownFileType = text.xcconfig; name = "Pods-DangerSample.debug.xcconfig"; path = "Pods/Target Support Files/Pods-DangerSample/Pods-DangerSample.debug.xcconfig"; sourceTree = "<group>"; };
/* End PBXFileReference section */

/* Begin PBXFrameworksBuildPhase section */
		73DF177C1F2F3FEE005DD344 /* Frameworks */ = {
			isa = PBXFrameworksBuildPhase;
			buildActionMask = 2147483647;
			files = (
				B6DA9F5447505375F595D5CE /* Pods_DangerSample.framework in Frameworks */,
			);
			runOnlyForDeploymentPostprocessing = 0;
		};
		73DF17901F2F3FEE005DD344 /* Frameworks */ = {
			isa = PBXFrameworksBuildPhase;
			buildActionMask = 2147483647;
			files = (
				6D046A4459AEFB7455AED8DC /* Pods_DangerSampleTests.framework in Frameworks */,
			);
			runOnlyForDeploymentPostprocessing = 0;
		};
/* End PBXFrameworksBuildPhase section */

/* Begin PBXGroup section */
		73DF17761F2F3FEE005DD344 = {
			isa = PBXGroup;
			children = (
				73DF17811F2F3FEE005DD344 /* DangerSample */,
				73DF17961F2F3FEE005DD344 /* DangerSampleTests */,
				73DF17801F2F3FEE005DD344 /* Products */,
				9B2FBF1596AFA9AFE675DE52 /* Pods */,
				FF395EFE8462AE018893BF6D /* Frameworks */,
			);
			sourceTree = "<group>";
		};
		73DF17801F2F3FEE005DD344 /* Products */ = {
			isa = PBXGroup;
			children = (
				73DF177F1F2F3FEE005DD344 /* DangerSample.app */,
				73DF17931F2F3FEE005DD344 /* DangerSampleTests.xctest */,
			);
			name = Products;
			sourceTree = "<group>";
		};
		73DF17811F2F3FEE005DD344 /* DangerSample */ = {
			isa = PBXGroup;
			children = (
				73DF17821F2F3FEE005DD344 /* AppDelegate.swift */,
				73DF17841F2F3FEE005DD344 /* ViewController.swift */,
				73DF17861F2F3FEE005DD344 /* Main.storyboard */,
				73DF17891F2F3FEE005DD344 /* Assets.xcassets */,
				73DF178B1F2F3FEE005DD344 /* LaunchScreen.storyboard */,
				73DF178E1F2F3FEE005DD344 /* Info.plist */,
				73DF17AA1F2F4FAB005DD344 /* Settings.bundle */,
			);
			path = DangerSample;
			sourceTree = "<group>";
		};
		73DF17961F2F3FEE005DD344 /* DangerSampleTests */ = {
			isa = PBXGroup;
			children = (
				73DF17971F2F3FEE005DD344 /* DangerSampleTests.swift */,
				73DF17991F2F3FEE005DD344 /* Info.plist */,
			);
			path = DangerSampleTests;
			sourceTree = "<group>";
		};
		9B2FBF1596AFA9AFE675DE52 /* Pods */ = {
			isa = PBXGroup;
			children = (
				84989061EA850F776EE64F44 /* Pods-DangerSample.debug.xcconfig */,
				31259B81304D7567A5F6BA83 /* Pods-DangerSample.release.xcconfig */,
				67E8D31DA8DD3600EE50DDC5 /* Pods-DangerSampleTests.debug.xcconfig */,
				02CE391251CE05AF5EAE21AD /* Pods-DangerSampleTests.release.xcconfig */,
			);
			name = Pods;
			sourceTree = "<group>";
		};
		FF395EFE8462AE018893BF6D /* Frameworks */ = {
			isa = PBXGroup;
			children = (
				0010860F4100FA9B106DF452 /* Pods_DangerSample.framework */,
				6074A705B229230F35B0CC75 /* Pods_DangerSampleTests.framework */,
			);
			name = Frameworks;
			sourceTree = "<group>";
		};
/* End PBXGroup section */

/* Begin PBXNativeTarget section */
		73DF177E1F2F3FEE005DD344 /* DangerSample */ = {
			isa = PBXNativeTarget;
			buildConfigurationList = 73DF179C1F2F3FEE005DD344 /* Build configuration list for PBXNativeTarget "DangerSample" */;
			buildPhases = (
				E0E5AFA293FD401E21E9B156 /* [CP] Check Pods Manifest.lock */,
				73DF177B1F2F3FEE005DD344 /* Sources */,
				73DF177C1F2F3FEE005DD344 /* Frameworks */,
				73DF177D1F2F3FEE005DD344 /* Resources */,
				3E7F544DF252C99FE0A96EB7 /* [CP] Embed Pods Frameworks */,
				CCDD520C9C97BA194B18854E /* [CP] Copy Pods Resources */,
				73DF17A31F2F4C80005DD344 /* ShellScript */,
			);
			buildRules = (
			);
			dependencies = (
			);
			name = DangerSample;
			productName = DangerSample;
			productReference = 73DF177F1F2F3FEE005DD344 /* DangerSample.app */;
			productType = "com.apple.product-type.application";
		};
		73DF17921F2F3FEE005DD344 /* DangerSampleTests */ = {
			isa = PBXNativeTarget;
			buildConfigurationList = 73DF179F1F2F3FEE005DD344 /* Build configuration list for PBXNativeTarget "DangerSampleTests" */;
			buildPhases = (
				7DD92BC86366DDC7AC60190C /* [CP] Check Pods Manifest.lock */,
				73DF178F1F2F3FEE005DD344 /* Sources */,
				73DF17901F2F3FEE005DD344 /* Frameworks */,
				73DF17911F2F3FEE005DD344 /* Resources */,
				45A8CBA1A26FEC02B3277859 /* [CP] Embed Pods Frameworks */,
				5432D960D94C51DDD3CA9818 /* [CP] Copy Pods Resources */,
			);
			buildRules = (
			);
			dependencies = (
				73DF17951F2F3FEE005DD344 /* PBXTargetDependency */,
			);
			name = DangerSampleTests;
			productName = DangerSampleTests;
			productReference = 73DF17931F2F3FEE005DD344 /* DangerSampleTests.xctest */;
			productType = "com.apple.product-type.bundle.unit-test";
		};
/* End PBXNativeTarget section */

/* Begin PBXProject section */
		73DF17771F2F3FEE005DD344 /* Project object */ = {
			isa = PBXProject;
			attributes = {
				LastSwiftUpdateCheck = 0830;
				LastUpgradeCheck = 0830;
				ORGANIZATIONNAME = "Kohei Tabata";
				TargetAttributes = {
					73DF177E1F2F3FEE005DD344 = {
						CreatedOnToolsVersion = 8.3.3;
						DevelopmentTeam = 5GKRYZ5VBH;
						ProvisioningStyle = Manual;
					};
					73DF17921F2F3FEE005DD344 = {
						CreatedOnToolsVersion = 8.3.3;
						DevelopmentTeam = 5GKRYZ5VBH;
						ProvisioningStyle = Automatic;
						TestTargetID = 73DF177E1F2F3FEE005DD344;
					};
				};
			};
			buildConfigurationList = 73DF177A1F2F3FEE005DD344 /* Build configuration list for PBXProject "DangerSample" */;
			compatibilityVersion = "Xcode 3.2";
			developmentRegion = English;
			hasScannedForEncodings = 0;
			knownRegions = (
				en,
				Base,
			);
			mainGroup = 73DF17761F2F3FEE005DD344;
			productRefGroup = 73DF17801F2F3FEE005DD344 /* Products */;
			projectDirPath = "";
			projectRoot = "";
			targets = (
				73DF177E1F2F3FEE005DD344 /* DangerSample */,
				73DF17921F2F3FEE005DD344 /* DangerSampleTests */,
			);
		};
/* End PBXProject section */

/* Begin PBXResourcesBuildPhase section */
		73DF177D1F2F3FEE005DD344 /* Resources */ = {
			isa = PBXResourcesBuildPhase;
			buildActionMask = 2147483647;
			files = (
				73DF17AB1F2F4FAB005DD344 /* Settings.bundle in Resources */,
				73DF178D1F2F3FEE005DD344 /* LaunchScreen.storyboard in Resources */,
				73DF178A1F2F3FEE005DD344 /* Assets.xcassets in Resources */,
				73DF17881F2F3FEE005DD344 /* Main.storyboard in Resources */,
			);
			runOnlyForDeploymentPostprocessing = 0;
		};
		73DF17911F2F3FEE005DD344 /* Resources */ = {
			isa = PBXResourcesBuildPhase;
			buildActionMask = 2147483647;
			files = (
			);
			runOnlyForDeploymentPostprocessing = 0;
		};
/* End PBXResourcesBuildPhase section */

/* Begin PBXShellScriptBuildPhase section */
		3E7F544DF252C99FE0A96EB7 /* [CP] Embed Pods Frameworks */ = {
			isa = PBXShellScriptBuildPhase;
			buildActionMask = 2147483647;
			files = (
			);
			inputPaths = (
			);
			name = "[CP] Embed Pods Frameworks";
			outputPaths = (
			);
			runOnlyForDeploymentPostprocessing = 0;
			shellPath = /bin/sh;
			shellScript = "\"${SRCROOT}/Pods/Target Support Files/Pods-DangerSample/Pods-DangerSample-frameworks.sh\"\n";
			showEnvVarsInLog = 0;
		};
		45A8CBA1A26FEC02B3277859 /* [CP] Embed Pods Frameworks */ = {
			isa = PBXShellScriptBuildPhase;
			buildActionMask = 2147483647;
			files = (
			);
			inputPaths = (
			);
			name = "[CP] Embed Pods Frameworks";
			outputPaths = (
			);
			runOnlyForDeploymentPostprocessing = 0;
			shellPath = /bin/sh;
			shellScript = "\"${SRCROOT}/Pods/Target Support Files/Pods-DangerSampleTests/Pods-DangerSampleTests-frameworks.sh\"\n";
			showEnvVarsInLog = 0;
		};
		5432D960D94C51DDD3CA9818 /* [CP] Copy Pods Resources */ = {
			isa = PBXShellScriptBuildPhase;
			buildActionMask = 2147483647;
			files = (
			);
			inputPaths = (
			);
			name = "[CP] Copy Pods Resources";
			outputPaths = (
			);
			runOnlyForDeploymentPostprocessing = 0;
			shellPath = /bin/sh;
			shellScript = "\"${SRCROOT}/Pods/Target Support Files/Pods-DangerSampleTests/Pods-DangerSampleTests-resources.sh\"\n";
			showEnvVarsInLog = 0;
		};
		73DF17A31F2F4C80005DD344 /* ShellScript */ = {
			isa = PBXShellScriptBuildPhase;
			buildActionMask = 2147483647;
			files = (
			);
			inputPaths = (
			);
			outputPaths = (
			);
			runOnlyForDeploymentPostprocessing = 0;
			shellPath = /bin/sh;
			shellScript = "if [ $CONFIGURATION = \"Debug\" ]; then\ncd $SRCROOT\n/usr/local/bin/license-plist --output-path DangerSample/Settings.bundle --add-version-numbers\nfi";
		};
		7DD92BC86366DDC7AC60190C /* [CP] Check Pods Manifest.lock */ = {
			isa = PBXShellScriptBuildPhase;
			buildActionMask = 2147483647;
			files = (
			);
			inputPaths = (
			);
			name = "[CP] Check Pods Manifest.lock";
			outputPaths = (
			);
			runOnlyForDeploymentPostprocessing = 0;
			shellPath = /bin/sh;
			shellScript = "diff \"${PODS_PODFILE_DIR_PATH}/Podfile.lock\" \"${PODS_ROOT}/Manifest.lock\" > /dev/null\nif [ $? != 0 ] ; then\n    # print error to STDERR\n    echo \"error: The sandbox is not in sync with the Podfile.lock. Run 'pod install' or update your CocoaPods installation.\" >&2\n    exit 1\nfi\n";
			showEnvVarsInLog = 0;
		};
		CCDD520C9C97BA194B18854E /* [CP] Copy Pods Resources */ = {
			isa = PBXShellScriptBuildPhase;
			buildActionMask = 2147483647;
			files = (
			);
			inputPaths = (
			);
			name = "[CP] Copy Pods Resources";
			outputPaths = (
			);
			runOnlyForDeploymentPostprocessing = 0;
			shellPath = /bin/sh;
			shellScript = "\"${SRCROOT}/Pods/Target Support Files/Pods-DangerSample/Pods-DangerSample-resources.sh\"\n";
			showEnvVarsInLog = 0;
		};
		E0E5AFA293FD401E21E9B156 /* [CP] Check Pods Manifest.lock */ = {
			isa = PBXShellScriptBuildPhase;
			buildActionMask = 2147483647;
			files = (
			);
			inputPaths = (
			);
			name = "[CP] Check Pods Manifest.lock";
			outputPaths = (
			);
			runOnlyForDeploymentPostprocessing = 0;
			shellPath = /bin/sh;
			shellScript = "diff \"${PODS_PODFILE_DIR_PATH}/Podfile.lock\" \"${PODS_ROOT}/Manifest.lock\" > /dev/null\nif [ $? != 0 ] ; then\n    # print error to STDERR\n    echo \"error: The sandbox is not in sync with the Podfile.lock. Run 'pod install' or update your CocoaPods installation.\" >&2\n    exit 1\nfi\n";
			showEnvVarsInLog = 0;
		};
/* End PBXShellScriptBuildPhase section */

/* Begin PBXSourcesBuildPhase section */
		73DF177B1F2F3FEE005DD344 /* Sources */ = {
			isa = PBXSourcesBuildPhase;
			buildActionMask = 2147483647;
			files = (
				73DF17851F2F3FEE005DD344 /* ViewController.swift in Sources */,
				73DF17831F2F3FEE005DD344 /* AppDelegate.swift in Sources */,
			);
			runOnlyForDeploymentPostprocessing = 0;
		};
		73DF178F1F2F3FEE005DD344 /* Sources */ = {
			isa = PBXSourcesBuildPhase;
			buildActionMask = 2147483647;
			files = (
				73DF17981F2F3FEE005DD344 /* DangerSampleTests.swift in Sources */,
			);
			runOnlyForDeploymentPostprocessing = 0;
		};
/* End PBXSourcesBuildPhase section */

/* Begin PBXTargetDependency section */
		73DF17951F2F3FEE005DD344 /* PBXTargetDependency */ = {
			isa = PBXTargetDependency;
			target = 73DF177E1F2F3FEE005DD344 /* DangerSample */;
			targetProxy = 73DF17941F2F3FEE005DD344 /* PBXContainerItemProxy */;
		};
/* End PBXTargetDependency section */

/* Begin PBXVariantGroup section */
		73DF17861F2F3FEE005DD344 /* Main.storyboard */ = {
			isa = PBXVariantGroup;
			children = (
				73DF17871F2F3FEE005DD344 /* Base */,
			);
			name = Main.storyboard;
			sourceTree = "<group>";
		};
		73DF178B1F2F3FEE005DD344 /* LaunchScreen.storyboard */ = {
			isa = PBXVariantGroup;
			children = (
				73DF178C1F2F3FEE005DD344 /* Base */,
			);
			name = LaunchScreen.storyboard;
			sourceTree = "<group>";
		};
/* End PBXVariantGroup section */

/* Begin XCBuildConfiguration section */
		73DF179A1F2F3FEE005DD344 /* Debug */ = {
			isa = XCBuildConfiguration;
			buildSettings = {
				ALWAYS_SEARCH_USER_PATHS = NO;
				CLANG_ANALYZER_NONNULL = YES;
				CLANG_ANALYZER_NUMBER_OBJECT_CONVERSION = YES_AGGRESSIVE;
				CLANG_CXX_LANGUAGE_STANDARD = "gnu++0x";
				CLANG_CXX_LIBRARY = "libc++";
				CLANG_ENABLE_MODULES = YES;
				CLANG_ENABLE_OBJC_ARC = YES;
				CLANG_WARN_BOOL_CONVERSION = YES;
				CLANG_WARN_CONSTANT_CONVERSION = YES;
				CLANG_WARN_DIRECT_OBJC_ISA_USAGE = YES_ERROR;
				CLANG_WARN_DOCUMENTATION_COMMENTS = YES;
				CLANG_WARN_EMPTY_BODY = YES;
				CLANG_WARN_ENUM_CONVERSION = YES;
				CLANG_WARN_INFINITE_RECURSION = YES;
				CLANG_WARN_INT_CONVERSION = YES;
				CLANG_WARN_OBJC_ROOT_CLASS = YES_ERROR;
				CLANG_WARN_SUSPICIOUS_MOVE = YES;
				CLANG_WARN_UNREACHABLE_CODE = YES;
				CLANG_WARN__DUPLICATE_METHOD_MATCH = YES;
				"CODE_SIGN_IDENTITY[sdk=iphoneos*]" = "iPhone Developer";
				COPY_PHASE_STRIP = NO;
				DEBUG_INFORMATION_FORMAT = dwarf;
				ENABLE_STRICT_OBJC_MSGSEND = YES;
				ENABLE_TESTABILITY = YES;
				GCC_C_LANGUAGE_STANDARD = gnu99;
				GCC_DYNAMIC_NO_PIC = NO;
				GCC_NO_COMMON_BLOCKS = YES;
				GCC_OPTIMIZATION_LEVEL = 0;
				GCC_PREPROCESSOR_DEFINITIONS = (
					"DEBUG=1",
					"$(inherited)",
				);
				GCC_WARN_64_TO_32_BIT_CONVERSION = YES;
				GCC_WARN_ABOUT_RETURN_TYPE = YES_ERROR;
				GCC_WARN_UNDECLARED_SELECTOR = YES;
				GCC_WARN_UNINITIALIZED_AUTOS = YES_AGGRESSIVE;
				GCC_WARN_UNUSED_FUNCTION = YES;
				GCC_WARN_UNUSED_VARIABLE = YES;
				IPHONEOS_DEPLOYMENT_TARGET = 10.3;
				MTL_ENABLE_DEBUG_INFO = YES;
				ONLY_ACTIVE_ARCH = YES;
				SDKROOT = iphoneos;
				SWIFT_ACTIVE_COMPILATION_CONDITIONS = DEBUG;
				SWIFT_OPTIMIZATION_LEVEL = "-Onone";
			};
			name = Debug;
		};
		73DF179B1F2F3FEE005DD344 /* Release */ = {
			isa = XCBuildConfiguration;
			buildSettings = {
				ALWAYS_SEARCH_USER_PATHS = NO;
				CLANG_ANALYZER_NONNULL = YES;
				CLANG_ANALYZER_NUMBER_OBJECT_CONVERSION = YES_AGGRESSIVE;
				CLANG_CXX_LANGUAGE_STANDARD = "gnu++0x";
				CLANG_CXX_LIBRARY = "libc++";
				CLANG_ENABLE_MODULES = YES;
				CLANG_ENABLE_OBJC_ARC = YES;
				CLANG_WARN_BOOL_CONVERSION = YES;
				CLANG_WARN_CONSTANT_CONVERSION = YES;
				CLANG_WARN_DIRECT_OBJC_ISA_USAGE = YES_ERROR;
				CLANG_WARN_DOCUMENTATION_COMMENTS = YES;
				CLANG_WARN_EMPTY_BODY = YES;
				CLANG_WARN_ENUM_CONVERSION = YES;
				CLANG_WARN_INFINITE_RECURSION = YES;
				CLANG_WARN_INT_CONVERSION = YES;
				CLANG_WARN_OBJC_ROOT_CLASS = YES_ERROR;
				CLANG_WARN_SUSPICIOUS_MOVE = YES;
				CLANG_WARN_UNREACHABLE_CODE = YES;
				CLANG_WARN__DUPLICATE_METHOD_MATCH = YES;
				"CODE_SIGN_IDENTITY[sdk=iphoneos*]" = "iPhone Developer";
				COPY_PHASE_STRIP = NO;
				DEBUG_INFORMATION_FORMAT = "dwarf-with-dsym";
				ENABLE_NS_ASSERTIONS = NO;
				ENABLE_STRICT_OBJC_MSGSEND = YES;
				GCC_C_LANGUAGE_STANDARD = gnu99;
				GCC_NO_COMMON_BLOCKS = YES;
				GCC_WARN_64_TO_32_BIT_CONVERSION = YES;
				GCC_WARN_ABOUT_RETURN_TYPE = YES_ERROR;
				GCC_WARN_UNDECLARED_SELECTOR = YES;
				GCC_WARN_UNINITIALIZED_AUTOS = YES_AGGRESSIVE;
				GCC_WARN_UNUSED_FUNCTION = YES;
				GCC_WARN_UNUSED_VARIABLE = YES;
				IPHONEOS_DEPLOYMENT_TARGET = 10.3;
				MTL_ENABLE_DEBUG_INFO = NO;
				SDKROOT = iphoneos;
				SWIFT_OPTIMIZATION_LEVEL = "-Owholemodule";
				VALIDATE_PRODUCT = YES;
			};
			name = Release;
		};
		73DF179D1F2F3FEE005DD344 /* Debug */ = {
			isa = XCBuildConfiguration;
			baseConfigurationReference = 84989061EA850F776EE64F44 /* Pods-DangerSample.debug.xcconfig */;
			buildSettings = {
				ASSETCATALOG_COMPILER_APPICON_NAME = AppIcon;
				DEVELOPMENT_TEAM = 5GKRYZ5VBH;
				INFOPLIST_FILE = DangerSample/Info.plist;
				LD_RUNPATH_SEARCH_PATHS = "$(inherited) @executable_path/Frameworks";
				PRODUCT_BUNDLE_IDENTIFIER = com.nerd0geek1.DangerSample;
				PRODUCT_NAME = "$(TARGET_NAME)";
				PROVISIONING_PROFILE = "ca087db1-9615-43f7-9699-2110574229c7";
				PROVISIONING_PROFILE_SPECIFIER = "WildCard Provisioning Profile";
				SWIFT_VERSION = 3.0;
			};
			name = Debug;
		};
		73DF179E1F2F3FEE005DD344 /* Release */ = {
			isa = XCBuildConfiguration;
			baseConfigurationReference = 31259B81304D7567A5F6BA83 /* Pods-DangerSample.release.xcconfig */;
			buildSettings = {
				ASSETCATALOG_COMPILER_APPICON_NAME = AppIcon;
				DEVELOPMENT_TEAM = "";
				INFOPLIST_FILE = DangerSample/Info.plist;
				LD_RUNPATH_SEARCH_PATHS = "$(inherited) @executable_path/Frameworks";
				PRODUCT_BUNDLE_IDENTIFIER = com.nerd0geek1.DangerSample;
				PRODUCT_NAME = "$(TARGET_NAME)";
				PROVISIONING_PROFILE_SPECIFIER = "";
				SWIFT_VERSION = 3.0;
			};
			name = Release;
		};
		73DF17A01F2F3FEE005DD344 /* Debug */ = {
			isa = XCBuildConfiguration;
			baseConfigurationReference = 67E8D31DA8DD3600EE50DDC5 /* Pods-DangerSampleTests.debug.xcconfig */;
			buildSettings = {
				ALWAYS_EMBED_SWIFT_STANDARD_LIBRARIES = YES;
				BUNDLE_LOADER = "$(TEST_HOST)";
				DEVELOPMENT_TEAM = 5GKRYZ5VBH;
				INFOPLIST_FILE = DangerSampleTests/Info.plist;
				LD_RUNPATH_SEARCH_PATHS = "$(inherited) @executable_path/Frameworks @loader_path/Frameworks";
				PRODUCT_BUNDLE_IDENTIFIER = com.nerd0geek1.DangerSampleTests;
				PRODUCT_NAME = "$(TARGET_NAME)";
				SWIFT_VERSION = 3.0;
				TEST_HOST = "$(BUILT_PRODUCTS_DIR)/DangerSample.app/DangerSample";
			};
			name = Debug;
		};
		73DF17A11F2F3FEE005DD344 /* Release */ = {
			isa = XCBuildConfiguration;
			baseConfigurationReference = 02CE391251CE05AF5EAE21AD /* Pods-DangerSampleTests.release.xcconfig */;
			buildSettings = {
				ALWAYS_EMBED_SWIFT_STANDARD_LIBRARIES = YES;
				BUNDLE_LOADER = "$(TEST_HOST)";
				DEVELOPMENT_TEAM = 5GKRYZ5VBH;
				INFOPLIST_FILE = DangerSampleTests/Info.plist;
				LD_RUNPATH_SEARCH_PATHS = "$(inherited) @executable_path/Frameworks @loader_path/Frameworks";
				PRODUCT_BUNDLE_IDENTIFIER = com.nerd0geek1.DangerSampleTests;
				PRODUCT_NAME = "$(TARGET_NAME)";
				SWIFT_VERSION = 3.0;
				TEST_HOST = "$(BUILT_PRODUCTS_DIR)/DangerSample.app/DangerSample";
			};
			name = Release;
		};
/* End XCBuildConfiguration section */

/* Begin XCConfigurationList section */
		73DF177A1F2F3FEE005DD344 /* Build configuration list for PBXProject "DangerSample" */ = {
			isa = XCConfigurationList;
			buildConfigurations = (
				73DF179A1F2F3FEE005DD344 /* Debug */,
				73DF179B1F2F3FEE005DD344 /* Release */,
			);
			defaultConfigurationIsVisible = 0;
			defaultConfigurationName = Release;
		};
		73DF179C1F2F3FEE005DD344 /* Build configuration list for PBXNativeTarget "DangerSample" */ = {
			isa = XCConfigurationList;
			buildConfigurations = (
				73DF179D1F2F3FEE005DD344 /* Debug */,
				73DF179E1F2F3FEE005DD344 /* Release */,
			);
			defaultConfigurationIsVisible = 0;
			defaultConfigurationName = Release;
		};
		73DF179F1F2F3FEE005DD344 /* Build configuration list for PBXNativeTarget "DangerSampleTests" */ = {
			isa = XCConfigurationList;
			buildConfigurations = (
				73DF17A01F2F3FEE005DD344 /* Debug */,
				73DF17A11F2F3FEE005DD344 /* Release */,
			);
			defaultConfigurationIsVisible = 0;
			defaultConfigurationName = Release;
		};
/* End XCConfigurationList section */
	};
	rootObject = 73DF17771F2F3FEE005DD344 /* Project object */;
}
